
Microsoft Visual Studio Solution File, Format Version 12.00
# Visual Studio 15
VisualStudioVersion = 15.0.27428.2005
MinimumVisualStudioVersion = 10.0.40219.1
Project("{FAE04EC0-301F-11D3-BF4B-00C04F79EFBC}") = "CreateURealmsTilesV2", "CreateURealmsTilesV2\CreateURealmsTilesV2.csproj", "{FBAB9931-0F81-40F4-935B-C1ADDDD786AA}"
EndProject
Global
	GlobalSection(SolutionConfigurationPlatforms) = preSolution
		Debug|Any CPU = Debug|Any CPU
		Release|Any CPU = Release|Any CPU
	EndGlobalSection
	GlobalSection(ProjectConfigurationPlatforms) = postSolution
		{FBAB9931-0F81-40F4-935B-C1ADDDD786AA}.Debug|Any CPU.ActiveCfg = Debug|Any CPU
		{FBAB9931-0F81-40F4-935B-C1ADDDD786AA}.Debug|Any CPU.Build.0 = Debug|Any CPU
		{FBAB9931-0F81-40F4-935B-C1ADDDD786AA}.Release|Any CPU.ActiveCfg = Release|Any CPU
		{FBAB9931-0F81-40F4-935B-C1ADDDD786AA}.Release|Any CPU.Build.0 = Release|Any CPU
	EndGlobalSection
	GlobalSection(SolutionProperties) = preSolution
		HideSolutionNode = FALSE
	EndGlobalSection
	GlobalSection(ExtensibilityGlobals) = postSolution
		SolutionGuid = {B21D93B1-E8F8-4E0E-BD14-86992AFF9BBC}
	EndGlobalSection
EndGlobal
